
Microsoft Visual Studio Solution File, Format Version 12.00
# Visual Studio Version 17
VisualStudioVersion = 17.14.36603.0
MinimumVisualStudioVersion = 10.0.40219.1
Project("{2150E333-8FDC-42A3-9474-1A3956D46DE8}") = "Services", "Services", "{02EA681E-C7D8-13C7-8484-4AC65E1B71E8}"
EndProject
Project("{2150E333-8FDC-42A3-9474-1A3956D46DE8}") = "Catalog", "Catalog", "{AB9ADF49-57CB-4A5A-8DBB-9391883A632F}"
EndProject
Project("{FAE04EC0-301F-11D3-BF4B-00C04F79EFBC}") = "Catalog.API", "Services\Catalog\Catalog.API\Catalog.API.csproj", "{2D0FCA94-95D1-4CE6-989C-592B02B5258C}"
EndProject
Project("{2150E333-8FDC-42A3-9474-1A3956D46DE8}") = "BuildingBlocks", "BuildingBlocks", "{E3F805D3-C911-4DA1-83ED-2B64ADCC0D58}"
EndProject
Project("{FAE04EC0-301F-11D3-BF4B-00C04F79EFBC}") = "BuildingBlocks", "BuildingBlocks\BuildingBlocks\BuildingBlocks.csproj", "{956F4C8B-45FA-4B84-9D3D-6C3988EF486E}"
EndProject
Project("{E53339B2-1760-4266-BCC7-CA923CBCF16C}") = "docker-compose", "docker-compose.dcproj", "{81DDED9D-158B-E303-5F62-77A2896D2A5A}"
EndProject
Project("{2150E333-8FDC-42A3-9474-1A3956D46DE8}") = "Basket", "Basket", "{3E89556E-854B-415B-8F46-0D5A4BEF71CA}"
EndProject
Project("{FAE04EC0-301F-11D3-BF4B-00C04F79EFBC}") = "Basket.API", "Services\Basket\Basket.API\Basket.API.csproj", "{BB66DC86-6E37-4151-ABB8-ACCC2066D732}"
EndProject
Project("{2150E333-8FDC-42A3-9474-1A3956D46DE8}") = "Discount", "Discount", "{9CD8A973-307F-4003-A825-812516A11125}"
EndProject
Project("{FAE04EC0-301F-11D3-BF4B-00C04F79EFBC}") = "Discount.Grpc", "Services\Discount\Discount.Grpc\Discount.Grpc.csproj", "{8E630F43-68D6-42EF-A93C-2B83BB0E4996}"
EndProject
Project("{2150E333-8FDC-42A3-9474-1A3956D46DE8}") = "Ordering", "Ordering", "{3EE678CA-8391-44B0-A1B5-D36CAEF7464D}"
EndProject
Project("{FAE04EC0-301F-11D3-BF4B-00C04F79EFBC}") = "Ordering.API", "Services\Ordering\Ordering.API\Ordering.API.csproj", "{61B81B8F-C07B-44EB-AE29-4ABDB2479DEE}"
EndProject
Project("{FAE04EC0-301F-11D3-BF4B-00C04F79EFBC}") = "Ordering.Domain", "Services\Ordering\Ordering.Domain\Ordering.Domain.csproj", "{F639E217-0D9F-4D03-85E1-63BE7B6335B2}"
EndProject
Project("{FAE04EC0-301F-11D3-BF4B-00C04F79EFBC}") = "Ordering.Application", "Services\Ordering\Ordering.Application\Ordering.Application.csproj", "{31F1B625-13A3-4D06-8D3B-690A94D39522}"
EndProject
Project("{FAE04EC0-301F-11D3-BF4B-00C04F79EFBC}") = "Ordering.Infrastructure", "Services\Ordering\Ordering.Infrastructure\Ordering.Infrastructure.csproj", "{D657DD7F-1BC9-4854-8632-D12D6BC3D2DB}"
EndProject
Project("{FAE04EC0-301F-11D3-BF4B-00C04F79EFBC}") = "BuildingBlocks.Messaging", "BuildingBlocks\BuildingBlocks.Messaging\BuildingBlocks.Messaging.csproj", "{D365BB67-A1ED-42AB-8611-AB0706E24159}"
EndProject
Project("{2150E333-8FDC-42A3-9474-1A3956D46DE8}") = "ApiGateways", "ApiGateways", "{D6C294A9-0FFC-4EA6-A88F-5D0B3730D51C}"
EndProject
Project("{FAE04EC0-301F-11D3-BF4B-00C04F79EFBC}") = "YarpApiGateway", "ApiGateways\YarpApiGateway\YarpApiGateway.csproj", "{D20CF962-61D1-4554-8D23-B7FC24A8A520}"
EndProject
Global
	GlobalSection(SolutionConfigurationPlatforms) = preSolution
		Debug|Any CPU = Debug|Any CPU
		Release|Any CPU = Release|Any CPU
	EndGlobalSection
	GlobalSection(ProjectConfigurationPlatforms) = postSolution
		{2D0FCA94-95D1-4CE6-989C-592B02B5258C}.Debug|Any CPU.ActiveCfg = Debug|Any CPU
		{2D0FCA94-95D1-4CE6-989C-592B02B5258C}.Debug|Any CPU.Build.0 = Debug|Any CPU
		{2D0FCA94-95D1-4CE6-989C-592B02B5258C}.Release|Any CPU.ActiveCfg = Release|Any CPU
		{2D0FCA94-95D1-4CE6-989C-592B02B5258C}.Release|Any CPU.Build.0 = Release|Any CPU
		{956F4C8B-45FA-4B84-9D3D-6C3988EF486E}.Debug|Any CPU.ActiveCfg = Debug|Any CPU
		{956F4C8B-45FA-4B84-9D3D-6C3988EF486E}.Debug|Any CPU.Build.0 = Debug|Any CPU
		{956F4C8B-45FA-4B84-9D3D-6C3988EF486E}.Release|Any CPU.ActiveCfg = Release|Any CPU
		{956F4C8B-45FA-4B84-9D3D-6C3988EF486E}.Release|Any CPU.Build.0 = Release|Any CPU
		{81DDED9D-158B-E303-5F62-77A2896D2A5A}.Debug|Any CPU.ActiveCfg = Debug|Any CPU
		{81DDED9D-158B-E303-5F62-77A2896D2A5A}.Debug|Any CPU.Build.0 = Debug|Any CPU
		{81DDED9D-158B-E303-5F62-77A2896D2A5A}.Release|Any CPU.ActiveCfg = Release|Any CPU
		{81DDED9D-158B-E303-5F62-77A2896D2A5A}.Release|Any CPU.Build.0 = Release|Any CPU
		{BB66DC86-6E37-4151-ABB8-ACCC2066D732}.Debug|Any CPU.ActiveCfg = Debug|Any CPU
		{BB66DC86-6E37-4151-ABB8-ACCC2066D732}.Debug|Any CPU.Build.0 = Debug|Any CPU
		{BB66DC86-6E37-4151-ABB8-ACCC2066D732}.Release|Any CPU.ActiveCfg = Release|Any CPU
		{BB66DC86-6E37-4151-ABB8-ACCC2066D732}.Release|Any CPU.Build.0 = Release|Any CPU
		{8E630F43-68D6-42EF-A93C-2B83BB0E4996}.Debug|Any CPU.ActiveCfg = Debug|Any CPU
		{8E630F43-68D6-42EF-A93C-2B83BB0E4996}.Debug|Any CPU.Build.0 = Debug|Any CPU
		{8E630F43-68D6-42EF-A93C-2B83BB0E4996}.Release|Any CPU.ActiveCfg = Release|Any CPU
		{8E630F43-68D6-42EF-A93C-2B83BB0E4996}.Release|Any CPU.Build.0 = Release|Any CPU
		{61B81B8F-C07B-44EB-AE29-4ABDB2479DEE}.Debug|Any CPU.ActiveCfg = Debug|Any CPU
		{61B81B8F-C07B-44EB-AE29-4ABDB2479DEE}.Debug|Any CPU.Build.0 = Debug|Any CPU
		{61B81B8F-C07B-44EB-AE29-4ABDB2479DEE}.Release|Any CPU.ActiveCfg = Release|Any CPU
		{61B81B8F-C07B-44EB-AE29-4ABDB2479DEE}.Release|Any CPU.Build.0 = Release|Any CPU
		{F639E217-0D9F-4D03-85E1-63BE7B6335B2}.Debug|Any CPU.ActiveCfg = Debug|Any CPU
		{F639E217-0D9F-4D03-85E1-63BE7B6335B2}.Debug|Any CPU.Build.0 = Debug|Any CPU
		{F639E217-0D9F-4D03-85E1-63BE7B6335B2}.Release|Any CPU.ActiveCfg = Release|Any CPU
		{F639E217-0D9F-4D03-85E1-63BE7B6335B2}.Release|Any CPU.Build.0 = Release|Any CPU
		{31F1B625-13A3-4D06-8D3B-690A94D39522}.Debug|Any CPU.ActiveCfg = Debug|Any CPU
		{31F1B625-13A3-4D06-8D3B-690A94D39522}.Debug|Any CPU.Build.0 = Debug|Any CPU
		{31F1B625-13A3-4D06-8D3B-690A94D39522}.Release|Any CPU.ActiveCfg = Release|Any CPU
		{31F1B625-13A3-4D06-8D3B-690A94D39522}.Release|Any CPU.Build.0 = Release|Any CPU
		{D657DD7F-1BC9-4854-8632-D12D6BC3D2DB}.Debug|Any CPU.ActiveCfg = Debug|Any CPU
		{D657DD7F-1BC9-4854-8632-D12D6BC3D2DB}.Debug|Any CPU.Build.0 = Debug|Any CPU
		{D657DD7F-1BC9-4854-8632-D12D6BC3D2DB}.Release|Any CPU.ActiveCfg = Release|Any CPU
		{D657DD7F-1BC9-4854-8632-D12D6BC3D2DB}.Release|Any CPU.Build.0 = Release|Any CPU
		{D365BB67-A1ED-42AB-8611-AB0706E24159}.Debug|Any CPU.ActiveCfg = Debug|Any CPU
		{D365BB67-A1ED-42AB-8611-AB0706E24159}.Debug|Any CPU.Build.0 = Debug|Any CPU
		{D365BB67-A1ED-42AB-8611-AB0706E24159}.Release|Any CPU.ActiveCfg = Release|Any CPU
		{D365BB67-A1ED-42AB-8611-AB0706E24159}.Release|Any CPU.Build.0 = Release|Any CPU
		{D20CF962-61D1-4554-8D23-B7FC24A8A520}.Debug|Any CPU.ActiveCfg = Debug|Any CPU
		{D20CF962-61D1-4554-8D23-B7FC24A8A520}.Debug|Any CPU.Build.0 = Debug|Any CPU
		{D20CF962-61D1-4554-8D23-B7FC24A8A520}.Release|Any CPU.ActiveCfg = Release|Any CPU
		{D20CF962-61D1-4554-8D23-B7FC24A8A520}.Release|Any CPU.Build.0 = Release|Any CPU
	EndGlobalSection
	GlobalSection(SolutionProperties) = preSolution
		HideSolutionNode = FALSE
	EndGlobalSection
	GlobalSection(NestedProjects) = preSolution
		{AB9ADF49-57CB-4A5A-8DBB-9391883A632F} = {02EA681E-C7D8-13C7-8484-4AC65E1B71E8}
		{2D0FCA94-95D1-4CE6-989C-592B02B5258C} = {AB9ADF49-57CB-4A5A-8DBB-9391883A632F}
		{956F4C8B-45FA-4B84-9D3D-6C3988EF486E} = {E3F805D3-C911-4DA1-83ED-2B64ADCC0D58}
		{3E89556E-854B-415B-8F46-0D5A4BEF71CA} = {02EA681E-C7D8-13C7-8484-4AC65E1B71E8}
		{BB66DC86-6E37-4151-ABB8-ACCC2066D732} = {3E89556E-854B-415B-8F46-0D5A4BEF71CA}
		{9CD8A973-307F-4003-A825-812516A11125} = {02EA681E-C7D8-13C7-8484-4AC65E1B71E8}
		{8E630F43-68D6-42EF-A93C-2B83BB0E4996} = {9CD8A973-307F-4003-A825-812516A11125}
		{3EE678CA-8391-44B0-A1B5-D36CAEF7464D} = {02EA681E-C7D8-13C7-8484-4AC65E1B71E8}
		{61B81B8F-C07B-44EB-AE29-4ABDB2479DEE} = {3EE678CA-8391-44B0-A1B5-D36CAEF7464D}
		{F639E217-0D9F-4D03-85E1-63BE7B6335B2} = {3EE678CA-8391-44B0-A1B5-D36CAEF7464D}
		{31F1B625-13A3-4D06-8D3B-690A94D39522} = {3EE678CA-8391-44B0-A1B5-D36CAEF7464D}
		{D657DD7F-1BC9-4854-8632-D12D6BC3D2DB} = {3EE678CA-8391-44B0-A1B5-D36CAEF7464D}
		{D365BB67-A1ED-42AB-8611-AB0706E24159} = {E3F805D3-C911-4DA1-83ED-2B64ADCC0D58}
		{D20CF962-61D1-4554-8D23-B7FC24A8A520} = {D6C294A9-0FFC-4EA6-A88F-5D0B3730D51C}
	EndGlobalSection
	GlobalSection(ExtensibilityGlobals) = postSolution
		SolutionGuid = {2DEEDA43-507D-4B9C-8C5C-0B7AA86CA96B}
	EndGlobalSection
EndGlobal
